
Microsoft Visual Studio Solution File, Format Version 12.00
# Visual Studio 2017
Project("{FAE04EC0-301F-11D3-BF4B-00C04F79EFBC}") = "T1", "T1.csproj", "{5D601A3D-43B3-5A01-FCE8-F8ACBE42A2D5}"
EndProject
Project("{FAE04EC0-301F-11D3-BF4B-00C04F79EFBC}") = "T1.Editor", "T1.Editor.csproj", "{D16A385D-FF58-B829-5C68-CF0B30598879}"
EndProject
Global
	GlobalSection(SolutionConfigurationPlatforms) = preSolution
		Debug|Any CPU = Debug|Any CPU
		Release|Any CPU = Release|Any CPU
	EndGlobalSection
	GlobalSection(ProjectConfigurationPlatforms) = postSolution
		{5D601A3D-43B3-5A01-FCE8-F8ACBE42A2D5}.Debug|Any CPU.ActiveCfg = Debug|Any CPU
		{5D601A3D-43B3-5A01-FCE8-F8ACBE42A2D5}.Debug|Any CPU.Build.0 = Debug|Any CPU
		{5D601A3D-43B3-5A01-FCE8-F8ACBE42A2D5}.Release|Any CPU.ActiveCfg = Release|Any CPU
		{5D601A3D-43B3-5A01-FCE8-F8ACBE42A2D5}.Release|Any CPU.Build.0 = Release|Any CPU
		{D16A385D-FF58-B829-5C68-CF0B30598879}.Debug|Any CPU.ActiveCfg = Debug|Any CPU
		{D16A385D-FF58-B829-5C68-CF0B30598879}.Debug|Any CPU.Build.0 = Debug|Any CPU
		{D16A385D-FF58-B829-5C68-CF0B30598879}.Release|Any CPU.ActiveCfg = Release|Any CPU
		{D16A385D-FF58-B829-5C68-CF0B30598879}.Release|Any CPU.Build.0 = Release|Any CPU
	EndGlobalSection
	GlobalSection(SolutionProperties) = preSolution
		HideSolutionNode = FALSE
	EndGlobalSection
EndGlobal
